
Microsoft Visual Studio Solution File, Format Version 12.00
# Visual Studio 15
VisualStudioVersion = 15.0.28307.1000
MinimumVisualStudioVersion = 10.0.40219.1
Project("{FAE04EC0-301F-11D3-BF4B-00C04F79EFBC}") = "RestServer", "RestServer\RestServer.csproj", "{06B3849E-4C4D-4FB9-9811-5054115C979A}"
EndProject
Project("{FAE04EC0-301F-11D3-BF4B-00C04F79EFBC}") = "BankAccountClient", "BankAccountClient\BankAccountClient.csproj", "{BD4B345E-D349-48C4-8175-84B562BE97F0}"
EndProject
Global
	GlobalSection(SolutionConfigurationPlatforms) = preSolution
		Debug|Any CPU = Debug|Any CPU
		Release|Any CPU = Release|Any CPU
	EndGlobalSection
	GlobalSection(ProjectConfigurationPlatforms) = postSolution
		{06B3849E-4C4D-4FB9-9811-5054115C979A}.Debug|Any CPU.ActiveCfg = Debug|Any CPU
		{06B3849E-4C4D-4FB9-9811-5054115C979A}.Debug|Any CPU.Build.0 = Debug|Any CPU
		{06B3849E-4C4D-4FB9-9811-5054115C979A}.Release|Any CPU.ActiveCfg = Release|Any CPU
		{06B3849E-4C4D-4FB9-9811-5054115C979A}.Release|Any CPU.Build.0 = Release|Any CPU
		{BD4B345E-D349-48C4-8175-84B562BE97F0}.Debug|Any CPU.ActiveCfg = Debug|Any CPU
		{BD4B345E-D349-48C4-8175-84B562BE97F0}.Debug|Any CPU.Build.0 = Debug|Any CPU
		{BD4B345E-D349-48C4-8175-84B562BE97F0}.Release|Any CPU.ActiveCfg = Release|Any CPU
		{BD4B345E-D349-48C4-8175-84B562BE97F0}.Release|Any CPU.Build.0 = Release|Any CPU
	EndGlobalSection
	GlobalSection(SolutionProperties) = preSolution
		HideSolutionNode = FALSE
	EndGlobalSection
	GlobalSection(ExtensibilityGlobals) = postSolution
		SolutionGuid = {3F9B16ED-45E3-460C-B95D-B0147685023F}
	EndGlobalSection
EndGlobal
